<?xml version="1.0" encoding="utf-8"?>
<Project ToolsVersion="4.0" xmlns="http://schemas.microsoft.com/developer/msbuild/2003">
  <ItemGroup>
    <Filter Include="소스 파일">
      <UniqueIdentifier>{4FC737F1-C7A5-4376-A066-2A32D752A2FF}</UniqueIdentifier>
      <Extensions>cpp;c;cc;cxx;def;odl;idl;hpj;bat;asm;asmx</Extensions>
    </Filter>
    <Filter Include="헤더 파일">
      <UniqueIdentifier>{93995380-89BD-4b04-88EB-625FBE52EBFB}</UniqueIdentifier>
      <Extensions>h;hh;hpp;hxx;hm;inl;inc;xsd</Extensions>
    </Filter>
    <Filter Include="리소스 파일">
      <UniqueIdentifier>{67DA6AB6-F800-4c08-8B7A-83BB121AAD01}</UniqueIdentifier>
      <Extensions>rc;ico;cur;bmp;dlg;rc2;rct;bin;rgs;gif;jpg;jpeg;jpe;resx;tiff;tif;png;wav;mfcribbon-ms</Extensions>
    </Filter>
    <Filter Include="Player">
      <UniqueIdentifier>{6bbfe775-2a5b-42c0-827c-98c39bb0dc01}</UniqueIdentifier>
    </Filter>
    <Filter Include="Packet">
      <UniqueIdentifier>{8fb70fc8-480f-4d44-9372-be747547cf3c}</UniqueIdentifier>
    </Filter>
    <Filter Include="Network">
      <UniqueIdentifier>{6a7459a1-2f08-43ad-9598-4a8e5fca7e59}</UniqueIdentifier>
    </Filter>
    <Filter Include="Log">
      <UniqueIdentifier>{8cbb1c46-2b9e-4aff-927d-00f8db89bf7c}</UniqueIdentifier>
    </Filter>
    <Filter Include="Util">
      <UniqueIdentifier>{1ebe1d08-dbf1-436d-a67b-dbbab5583fbf}</UniqueIdentifier>
    </Filter>
    <Filter Include="Server">
      <UniqueIdentifier>{08561301-6d87-4514-b484-789b488d6ed6}</UniqueIdentifier>
    </Filter>
    <Filter Include="Event">
      <UniqueIdentifier>{89447cca-67b6-4b9a-854a-7417ce946e63}</UniqueIdentifier>
    </Filter>
  </ItemGroup>
  <ItemGroup>
    <Text Include="ReadMe.txt" />
  </ItemGroup>
  <ItemGroup>
    <ClInclude Include="stdafx.h">
      <Filter>헤더 파일</Filter>
    </ClInclude>
    <ClInclude Include="targetver.h">
      <Filter>헤더 파일</Filter>
    </ClInclude>
    <ClInclude Include="CommonDef.h">
      <Filter>헤더 파일</Filter>
    </ClInclude>
    <ClInclude Include="Protocol.h">
      <Filter>헤더 파일</Filter>
    </ClInclude>
    <ClInclude Include="cClientInfo.h">
      <Filter>Player</Filter>
    </ClInclude>
    <ClInclude Include="cPlayer.h">
      <Filter>Player</Filter>
    </ClInclude>
    <ClInclude Include="cPacketController.h">
      <Filter>Packet</Filter>
    </ClInclude>
    <ClInclude Include="cLog.h">
      <Filter>Log</Filter>
    </ClInclude>
    <ClInclude Include="cSingleton.h">
      <Filter>Util</Filter>
    </ClInclude>
    <ClInclude Include="cNetworkSession.h">
      <Filter>Network</Filter>
    </ClInclude>
    <ClInclude Include="cClientManager.h">
      <Filter>Player</Filter>
    </ClInclude>
    <ClInclude Include="cIocpManager.h">
      <Filter>Network</Filter>
    </ClInclude>
    <ClInclude Include="cEventManager.h">
      <Filter>Event</Filter>
    </ClInclude>
    <ClInclude Include="cEvent.h">
      <Filter>Event</Filter>
    </ClInclude>
    <ClInclude Include="cPacket.h">
      <Filter>헤더 파일</Filter>
    </ClInclude>
  </ItemGroup>
  <ItemGroup>
    <ClCompile Include="stdafx.cpp">
      <Filter>소스 파일</Filter>
    </ClCompile>
    <ClCompile Include="cClientInfo.cpp">
      <Filter>Player</Filter>
    </ClCompile>
    <ClCompile Include="cPlayer.cpp">
      <Filter>Player</Filter>
    </ClCompile>
    <ClCompile Include="cPacketController.cpp">
      <Filter>Packet</Filter>
    </ClCompile>
    <ClCompile Include="cLog.cpp">
      <Filter>Log</Filter>
    </ClCompile>
    <ClCompile Include="ServerMain.cpp">
      <Filter>소스 파일</Filter>
    </ClCompile>
    <ClCompile Include="cNetworkSession.cpp">
      <Filter>Network</Filter>
    </ClCompile>
    <ClCompile Include="cClientManager.cpp">
      <Filter>Player</Filter>
    </ClCompile>
    <ClCompile Include="cIocpManager.cpp">
      <Filter>Network</Filter>
    </ClCompile>
    <ClCompile Include="cEventManager.cpp">
      <Filter>Event</Filter>
    </ClCompile>
    <ClCompile Include="cEvent.cpp">
      <Filter>Event</Filter>
    </ClCompile>
    <ClCompile Include="cPacket.cpp">
      <Filter>소스 파일</Filter>
    </ClCompile>
  </ItemGroup>
</Project>