
Microsoft Visual Studio Solution File, Format Version 12.00
# Visual Studio 15
VisualStudioVersion = 15.0.26430.6
MinimumVisualStudioVersion = 10.0.40219.1
Project("{8BC9CEB8-8B4A-11D0-8D11-00A0C91BC942}") = "DllTest", "DllTest\DllTest.vcxproj", "{ACB33C5A-605C-43CB-A81A-DDB355B5728F}"
EndProject
Project("{8BC9CEB8-8B4A-11D0-8D11-00A0C91BC942}") = "DllTestApp", "DllTestApp\DllTestApp.vcxproj", "{459E029C-F42D-4E90-BD84-72BFE56577D3}"
EndProject
Project("{8BC9CEB8-8B4A-11D0-8D11-00A0C91BC942}") = "LinkedListExample", "LinkedListExample\LinkedListExample.vcxproj", "{52B0D6EA-0FFE-4A0D-A49D-469AAA58693A}"
EndProject
Global
	GlobalSection(SolutionConfigurationPlatforms) = preSolution
		Debug|x64 = Debug|x64
		Debug|x86 = Debug|x86
		Release|x64 = Release|x64
		Release|x86 = Release|x86
	EndGlobalSection
	GlobalSection(ProjectConfigurationPlatforms) = postSolution
		{ACB33C5A-605C-43CB-A81A-DDB355B5728F}.Debug|x64.ActiveCfg = Debug|x64
		{ACB33C5A-605C-43CB-A81A-DDB355B5728F}.Debug|x64.Build.0 = Debug|x64
		{ACB33C5A-605C-43CB-A81A-DDB355B5728F}.Debug|x86.ActiveCfg = Debug|Win32
		{ACB33C5A-605C-43CB-A81A-DDB355B5728F}.Debug|x86.Build.0 = Debug|Win32
		{ACB33C5A-605C-43CB-A81A-DDB355B5728F}.Release|x64.ActiveCfg = Release|x64
		{ACB33C5A-605C-43CB-A81A-DDB355B5728F}.Release|x64.Build.0 = Release|x64
		{ACB33C5A-605C-43CB-A81A-DDB355B5728F}.Release|x86.ActiveCfg = Release|Win32
		{ACB33C5A-605C-43CB-A81A-DDB355B5728F}.Release|x86.Build.0 = Release|Win32
		{459E029C-F42D-4E90-BD84-72BFE56577D3}.Debug|x64.ActiveCfg = Debug|x64
		{459E029C-F42D-4E90-BD84-72BFE56577D3}.Debug|x64.Build.0 = Debug|x64
		{459E029C-F42D-4E90-BD84-72BFE56577D3}.Debug|x86.ActiveCfg = Debug|Win32
		{459E029C-F42D-4E90-BD84-72BFE56577D3}.Debug|x86.Build.0 = Debug|Win32
		{459E029C-F42D-4E90-BD84-72BFE56577D3}.Release|x64.ActiveCfg = Release|x64
		{459E029C-F42D-4E90-BD84-72BFE56577D3}.Release|x64.Build.0 = Release|x64
		{459E029C-F42D-4E90-BD84-72BFE56577D3}.Release|x86.ActiveCfg = Release|Win32
		{459E029C-F42D-4E90-BD84-72BFE56577D3}.Release|x86.Build.0 = Release|Win32
		{52B0D6EA-0FFE-4A0D-A49D-469AAA58693A}.Debug|x64.ActiveCfg = Debug|x64
		{52B0D6EA-0FFE-4A0D-A49D-469AAA58693A}.Debug|x64.Build.0 = Debug|x64
		{52B0D6EA-0FFE-4A0D-A49D-469AAA58693A}.Debug|x86.ActiveCfg = Debug|Win32
		{52B0D6EA-0FFE-4A0D-A49D-469AAA58693A}.Debug|x86.Build.0 = Debug|Win32
		{52B0D6EA-0FFE-4A0D-A49D-469AAA58693A}.Release|x64.ActiveCfg = Release|x64
		{52B0D6EA-0FFE-4A0D-A49D-469AAA58693A}.Release|x64.Build.0 = Release|x64
		{52B0D6EA-0FFE-4A0D-A49D-469AAA58693A}.Release|x86.ActiveCfg = Release|Win32
		{52B0D6EA-0FFE-4A0D-A49D-469AAA58693A}.Release|x86.Build.0 = Release|Win32
	EndGlobalSection
	GlobalSection(SolutionProperties) = preSolution
		HideSolutionNode = FALSE
	EndGlobalSection
EndGlobal
